
Microsoft Visual Studio Solution File, Format Version 12.00
# Visual Studio Version 17
VisualStudioVersion = 17.3.32901.215
MinimumVisualStudioVersion = 10.0.40219.1
Project("{888888A0-9F3D-457C-B088-3A5042F75D52}") = "Engi2.0", "Engi2.0.pyproj", "{582C8ABA-F5D8-4E89-A904-C44B07DC4C34}"
EndProject
Global
	GlobalSection(SolutionConfigurationPlatforms) = preSolution
		Debug|Any CPU = Debug|Any CPU
		Release|Any CPU = Release|Any CPU
	EndGlobalSection
	GlobalSection(ProjectConfigurationPlatforms) = postSolution
		{582C8ABA-F5D8-4E89-A904-C44B07DC4C34}.Debug|Any CPU.ActiveCfg = Debug|Any CPU
		{582C8ABA-F5D8-4E89-A904-C44B07DC4C34}.Debug|Any CPU.Build.0 = Debug|Any CPU
		{582C8ABA-F5D8-4E89-A904-C44B07DC4C34}.Release|Any CPU.ActiveCfg = Release|Any CPU
		{582C8ABA-F5D8-4E89-A904-C44B07DC4C34}.Release|Any CPU.Build.0 = Release|Any CPU
	EndGlobalSection
	GlobalSection(SolutionProperties) = preSolution
		HideSolutionNode = FALSE
	EndGlobalSection
	GlobalSection(ExtensibilityGlobals) = postSolution
		SolutionGuid = {69B36ED6-3FF4-400D-A7B1-E1AA81932870}
	EndGlobalSection
EndGlobal
